
Microsoft Visual Studio Solution File, Format Version 12.00
# Visual Studio Version 16
VisualStudioVersion = 16.0.31702.278
MinimumVisualStudioVersion = 10.0.40219.1
Project("{FAE04EC0-301F-11D3-BF4B-00C04F79EFBC}") = "TicTacToe", "TicTacToe.csproj", "{B3BFB5DF-DF20-4E4A-B9F9-2E7DAE91BA36}"
EndProject
Global
	GlobalSection(SolutionConfigurationPlatforms) = preSolution
		Debug|Any CPU = Debug|Any CPU
		Release|Any CPU = Release|Any CPU
	EndGlobalSection
	GlobalSection(ProjectConfigurationPlatforms) = postSolution
		{B3BFB5DF-DF20-4E4A-B9F9-2E7DAE91BA36}.Debug|Any CPU.ActiveCfg = Debug|Any CPU
		{B3BFB5DF-DF20-4E4A-B9F9-2E7DAE91BA36}.Debug|Any CPU.Build.0 = Debug|Any CPU
		{B3BFB5DF-DF20-4E4A-B9F9-2E7DAE91BA36}.Release|Any CPU.ActiveCfg = Release|Any CPU
		{B3BFB5DF-DF20-4E4A-B9F9-2E7DAE91BA36}.Release|Any CPU.Build.0 = Release|Any CPU
	EndGlobalSection
	GlobalSection(SolutionProperties) = preSolution
		HideSolutionNode = FALSE
	EndGlobalSection
	GlobalSection(ExtensibilityGlobals) = postSolution
		SolutionGuid = {4A72B823-BC2E-498F-A2F5-37E2BE476075}
	EndGlobalSection
EndGlobal
